<?xml version="1.0" encoding="utf-8"?>
<Project ToolsVersion="4.0" xmlns="http://schemas.microsoft.com/developer/msbuild/2003">
  <ItemGroup>
    <Filter Include="Source Files">
      <UniqueIdentifier>{4FC737F1-C7A5-4376-A066-2A32D752A2FF}</UniqueIdentifier>
      <Extensions>cpp;c;cc;cxx;def;odl;idl;hpj;bat;asm;asmx</Extensions>
    </Filter>
    <Filter Include="Header Files">
      <UniqueIdentifier>{93995380-89BD-4b04-88EB-625FBE52EBFB}</UniqueIdentifier>
      <Extensions>h;hh;hpp;hxx;hm;inl;inc;ipp;xsd</Extensions>
    </Filter>
    <Filter Include="Resource Files">
      <UniqueIdentifier>{67DA6AB6-F800-4c08-8B7A-83BB121AAD01}</UniqueIdentifier>
      <Extensions>rc;ico;cur;bmp;dlg;rc2;rct;bin;rgs;gif;jpg;jpeg;jpe;resx;tiff;tif;png;wav;mfcribbon-ms</Extensions>
    </Filter>
    <Filter Include="Header Files\Invoker">
      <UniqueIdentifier>{3821682b-bf62-4140-8407-c4ed92fbf06e}</UniqueIdentifier>
    </Filter>
    <Filter Include="Header Files\Compiler">
      <UniqueIdentifier>{0d197b8c-f693-498e-a62e-e1a11ff0ad67}</UniqueIdentifier>
    </Filter>
    <Filter Include="Header Files\Executor">
      <UniqueIdentifier>{074b9466-5b52-47a6-9d3d-a0f10f36a314}</UniqueIdentifier>
    </Filter>
    <Filter Include="Header Files\View">
      <UniqueIdentifier>{1064246e-1dc3-4692-9a4f-ee4edcf1d13d}</UniqueIdentifier>
    </Filter>
    <Filter Include="Source Files\Invoker">
      <UniqueIdentifier>{594258c4-a72f-4470-ac99-136051677513}</UniqueIdentifier>
    </Filter>
    <Filter Include="Source Files\Executor">
      <UniqueIdentifier>{a7913fee-0038-4d94-8010-bc998c7e93b4}</UniqueIdentifier>
    </Filter>
    <Filter Include="Source Files\Compiler">
      <UniqueIdentifier>{3d5c4448-935e-47fd-92d0-123a7a0bc236}</UniqueIdentifier>
    </Filter>
  </ItemGroup>
  <ItemGroup>
    <ClCompile Include="Main.cpp">
      <Filter>Source Files</Filter>
    </ClCompile>
    <ClCompile Include="Command.cpp">
      <Filter>Source Files\Invoker</Filter>
    </ClCompile>
    <ClCompile Include="Executor.cpp">
      <Filter>Source Files\Executor</Filter>
    </ClCompile>
    <ClCompile Include="Receiver.cpp">
      <Filter>Source Files\Executor</Filter>
    </ClCompile>
    <ClCompile Include="Invoker.cpp">
      <Filter>Source Files\Invoker</Filter>
    </ClCompile>
    <ClCompile Include="Compiler.cpp">
      <Filter>Source Files\Compiler</Filter>
    </ClCompile>
  </ItemGroup>
  <ItemGroup>
    <ClInclude Include="Main_Activity.h">
      <Filter>Header Files</Filter>
    </ClInclude>
    <ClInclude Include="Invoker.h">
      <Filter>Header Files\Invoker</Filter>
    </ClInclude>
    <ClInclude Include="Command.h">
      <Filter>Header Files\Invoker</Filter>
    </ClInclude>
    <ClInclude Include="Receiver.h">
      <Filter>Header Files\Executor</Filter>
    </ClInclude>
    <ClInclude Include="Executor.h">
      <Filter>Header Files\Executor</Filter>
    </ClInclude>
    <ClInclude Include="Command_status.h">
      <Filter>Header Files\Invoker</Filter>
    </ClInclude>
    <ClInclude Include="Compiler.h">
      <Filter>Header Files\Compiler</Filter>
    </ClInclude>
  </ItemGroup>
</Project>